// !$*UTF8*$!
{
	archiveVersion = 1;
	classes = {
	};
	objectVersion = 46;
	objects = {

/* Begin PBXBuildFile section */
		984AD5A16C5332AF69875C46 /* Pods_TDSwiftGraph.framework in Frameworks */ = {isa = PBXBuildFile; fileRef = 06137B85B1C51716620D0AFB /* Pods_TDSwiftGraph.framework */; };
		E45BE37D6ADBC89D811A5862 /* Pods_TDSwiftGraphTests.framework in Frameworks */ = {isa = PBXBuildFile; fileRef = C90548109F85E652B6E33488 /* Pods_TDSwiftGraphTests.framework */; };
		EDCC09B71EA5B8980098E7E2 /* AppDelegate.swift in Sources */ = {isa = PBXBuildFile; fileRef = EDCC09B61EA5B8980098E7E2 /* AppDelegate.swift */; };
		EDCC09B91EA5B8980098E7E2 /* ViewController.swift in Sources */ = {isa = PBXBuildFile; fileRef = EDCC09B81EA5B8980098E7E2 /* ViewController.swift */; };
		EDCC09BC1EA5B8980098E7E2 /* Main.storyboard in Resources */ = {isa = PBXBuildFile; fileRef = EDCC09BA1EA5B8980098E7E2 /* Main.storyboard */; };
		EDCC09BE1EA5B8980098E7E2 /* Assets.xcassets in Resources */ = {isa = PBXBuildFile; fileRef = EDCC09BD1EA5B8980098E7E2 /* Assets.xcassets */; };
		EDCC09C11EA5B8980098E7E2 /* LaunchScreen.storyboard in Resources */ = {isa = PBXBuildFile; fileRef = EDCC09BF1EA5B8980098E7E2 /* LaunchScreen.storyboard */; };
		EDCC09CC1EA5B8990098E7E2 /* TDSwiftGraphTests.swift in Sources */ = {isa = PBXBuildFile; fileRef = EDCC09CB1EA5B8990098E7E2 /* TDSwiftGraphTests.swift */; };
		EDCC09D71EA5B8990098E7E2 /* TDSwiftGraphUITests.swift in Sources */ = {isa = PBXBuildFile; fileRef = EDCC09D61EA5B8990098E7E2 /* TDSwiftGraphUITests.swift */; };
		EDCC09E61EA5CB640098E7E2 /* TDBaseGraphController.swift in Sources */ = {isa = PBXBuildFile; fileRef = EDCC09E51EA5CB640098E7E2 /* TDBaseGraphController.swift */; };
		EDCC09EB1EA5CC010098E7E2 /* QuartzCore.framework in Frameworks */ = {isa = PBXBuildFile; fileRef = EDCC09EA1EA5CC010098E7E2 /* QuartzCore.framework */; };
		EDCC09ED1EA5CC120098E7E2 /* CoreImage.framework in Frameworks */ = {isa = PBXBuildFile; fileRef = EDCC09EC1EA5CC120098E7E2 /* CoreImage.framework */; };
		EDCC09F01EA5CDCE0098E7E2 /* CustomTimeInterval.swift in Sources */ = {isa = PBXBuildFile; fileRef = EDCC09EF1EA5CDCE0098E7E2 /* CustomTimeInterval.swift */; };
		EDCC09F21EA5D06C0098E7E2 /* TDGraphNewController.swift in Sources */ = {isa = PBXBuildFile; fileRef = EDCC09F11EA5D06C0098E7E2 /* TDGraphNewController.swift */; };
		EDCC09F41EA5D1150098E7E2 /* String.swift in Sources */ = {isa = PBXBuildFile; fileRef = EDCC09F31EA5D1150098E7E2 /* String.swift */; };
		EDCC09F71EA5D4B40098E7E2 /* NSDate.swift in Sources */ = {isa = PBXBuildFile; fileRef = EDCC09F61EA5D4B40098E7E2 /* NSDate.swift */; };
		EDCC09F91EA5D6820098E7E2 /* EmbedChildViewController.swift in Sources */ = {isa = PBXBuildFile; fileRef = EDCC09F81EA5D6820098E7E2 /* EmbedChildViewController.swift */; };
		EDFC9B251EB161BC00647424 /* TDSwiftGraph.swift in Sources */ = {isa = PBXBuildFile; fileRef = EDFC9B241EB161BC00647424 /* TDSwiftGraph.swift */; };
/* End PBXBuildFile section */

/* Begin PBXContainerItemProxy section */
		EDCC09C81EA5B8990098E7E2 /* PBXContainerItemProxy */ = {
			isa = PBXContainerItemProxy;
			containerPortal = EDCC09AB1EA5B8980098E7E2 /* Project object */;
			proxyType = 1;
			remoteGlobalIDString = EDCC09B21EA5B8980098E7E2;
			remoteInfo = TDSwiftGraph;
		};
		EDCC09D31EA5B8990098E7E2 /* PBXContainerItemProxy */ = {
			isa = PBXContainerItemProxy;
			containerPortal = EDCC09AB1EA5B8980098E7E2 /* Project object */;
			proxyType = 1;
			remoteGlobalIDString = EDCC09B21EA5B8980098E7E2;
			remoteInfo = TDSwiftGraph;
		};
/* End PBXContainerItemProxy section */

/* Begin PBXFileReference section */
		06137B85B1C51716620D0AFB /* Pods_TDSwiftGraph.framework */ = {isa = PBXFileReference; explicitFileType = wrapper.framework; includeInIndex = 0; path = Pods_TDSwiftGraph.framework; sourceTree = BUILT_PRODUCTS_DIR; };
		2C6743B5DA433EBF903BF296 /* Pods-TDSwiftGraphTests.release.xcconfig */ = {isa = PBXFileReference; includeInIndex = 1; lastKnownFileType = text.xcconfig; name = "Pods-TDSwiftGraphTests.release.xcconfig"; path = "Pods/Target Support Files/Pods-TDSwiftGraphTests/Pods-TDSwiftGraphTests.release.xcconfig"; sourceTree = "<group>"; };
		53548C3AA8E180BD85699108 /* Pods-TDSwiftGraph.debug.xcconfig */ = {isa = PBXFileReference; includeInIndex = 1; lastKnownFileType = text.xcconfig; name = "Pods-TDSwiftGraph.debug.xcconfig"; path = "Pods/Target Support Files/Pods-TDSwiftGraph/Pods-TDSwiftGraph.debug.xcconfig"; sourceTree = "<group>"; };
		99E35F4F4AF9C4F436B84D09 /* Pods-TDSwiftGraph.release.xcconfig */ = {isa = PBXFileReference; includeInIndex = 1; lastKnownFileType = text.xcconfig; name = "Pods-TDSwiftGraph.release.xcconfig"; path = "Pods/Target Support Files/Pods-TDSwiftGraph/Pods-TDSwiftGraph.release.xcconfig"; sourceTree = "<group>"; };
		A631DB0B3D30768F37E8FDB0 /* Pods_TDSwiftGraphUITests.framework */ = {isa = PBXFileReference; explicitFileType = wrapper.framework; includeInIndex = 0; path = Pods_TDSwiftGraphUITests.framework; sourceTree = BUILT_PRODUCTS_DIR; };
		C2436524B776E1427599E0C8 /* Pods-TDSwiftGraphTests.debug.xcconfig */ = {isa = PBXFileReference; includeInIndex = 1; lastKnownFileType = text.xcconfig; name = "Pods-TDSwiftGraphTests.debug.xcconfig"; path = "Pods/Target Support Files/Pods-TDSwiftGraphTests/Pods-TDSwiftGraphTests.debug.xcconfig"; sourceTree = "<group>"; };
		C90548109F85E652B6E33488 /* Pods_TDSwiftGraphTests.framework */ = {isa = PBXFileReference; explicitFileType = wrapper.framework; includeInIndex = 0; path = Pods_TDSwiftGraphTests.framework; sourceTree = BUILT_PRODUCTS_DIR; };
		EDCC09B31EA5B8980098E7E2 /* TDSwiftGraph.app */ = {isa = PBXFileReference; explicitFileType = wrapper.application; includeInIndex = 0; path = TDSwiftGraph.app; sourceTree = BUILT_PRODUCTS_DIR; };
		EDCC09B61EA5B8980098E7E2 /* AppDelegate.swift */ = {isa = PBXFileReference; lastKnownFileType = sourcecode.swift; path = AppDelegate.swift; sourceTree = "<group>"; };
		EDCC09B81EA5B8980098E7E2 /* ViewController.swift */ = {isa = PBXFileReference; lastKnownFileType = sourcecode.swift; path = ViewController.swift; sourceTree = "<group>"; };
		EDCC09BB1EA5B8980098E7E2 /* Base */ = {isa = PBXFileReference; lastKnownFileType = file.storyboard; name = Base; path = Base.lproj/Main.storyboard; sourceTree = "<group>"; };
		EDCC09BD1EA5B8980098E7E2 /* Assets.xcassets */ = {isa = PBXFileReference; lastKnownFileType = folder.assetcatalog; path = Assets.xcassets; sourceTree = "<group>"; };
		EDCC09C01EA5B8980098E7E2 /* Base */ = {isa = PBXFileReference; lastKnownFileType = file.storyboard; name = Base; path = Base.lproj/LaunchScreen.storyboard; sourceTree = "<group>"; };
		EDCC09C21EA5B8980098E7E2 /* Info.plist */ = {isa = PBXFileReference; lastKnownFileType = text.plist.xml; path = Info.plist; sourceTree = "<group>"; };
		EDCC09C71EA5B8990098E7E2 /* TDSwiftGraphTests.xctest */ = {isa = PBXFileReference; explicitFileType = wrapper.cfbundle; includeInIndex = 0; path = TDSwiftGraphTests.xctest; sourceTree = BUILT_PRODUCTS_DIR; };
		EDCC09CB1EA5B8990098E7E2 /* TDSwiftGraphTests.swift */ = {isa = PBXFileReference; lastKnownFileType = sourcecode.swift; path = TDSwiftGraphTests.swift; sourceTree = "<group>"; };
		EDCC09CD1EA5B8990098E7E2 /* Info.plist */ = {isa = PBXFileReference; lastKnownFileType = text.plist.xml; path = Info.plist; sourceTree = "<group>"; };
		EDCC09D21EA5B8990098E7E2 /* TDSwiftGraphUITests.xctest */ = {isa = PBXFileReference; explicitFileType = wrapper.cfbundle; includeInIndex = 0; path = TDSwiftGraphUITests.xctest; sourceTree = BUILT_PRODUCTS_DIR; };
		EDCC09D61EA5B8990098E7E2 /* TDSwiftGraphUITests.swift */ = {isa = PBXFileReference; lastKnownFileType = sourcecode.swift; path = TDSwiftGraphUITests.swift; sourceTree = "<group>"; };
		EDCC09D81EA5B8990098E7E2 /* Info.plist */ = {isa = PBXFileReference; lastKnownFileType = text.plist.xml; path = Info.plist; sourceTree = "<group>"; };
		EDCC09E51EA5CB640098E7E2 /* TDBaseGraphController.swift */ = {isa = PBXFileReference; fileEncoding = 4; lastKnownFileType = sourcecode.swift; path = TDBaseGraphController.swift; sourceTree = "<group>"; };
		EDCC09E81EA5CBA00098E7E2 /* CoreGraphics.framework */ = {isa = PBXFileReference; lastKnownFileType = wrapper.framework; name = CoreGraphics.framework; path = System/Library/Frameworks/CoreGraphics.framework; sourceTree = SDKROOT; };
		EDCC09EA1EA5CC010098E7E2 /* QuartzCore.framework */ = {isa = PBXFileReference; lastKnownFileType = wrapper.framework; name = QuartzCore.framework; path = System/Library/Frameworks/QuartzCore.framework; sourceTree = SDKROOT; };
		EDCC09EC1EA5CC120098E7E2 /* CoreImage.framework */ = {isa = PBXFileReference; lastKnownFileType = wrapper.framework; name = CoreImage.framework; path = System/Library/Frameworks/CoreImage.framework; sourceTree = SDKROOT; };
		EDCC09EF1EA5CDCE0098E7E2 /* CustomTimeInterval.swift */ = {isa = PBXFileReference; fileEncoding = 4; lastKnownFileType = sourcecode.swift; path = CustomTimeInterval.swift; sourceTree = "<group>"; };
		EDCC09F11EA5D06C0098E7E2 /* TDGraphNewController.swift */ = {isa = PBXFileReference; fileEncoding = 4; lastKnownFileType = sourcecode.swift; path = TDGraphNewController.swift; sourceTree = "<group>"; };
		EDCC09F31EA5D1150098E7E2 /* String.swift */ = {isa = PBXFileReference; fileEncoding = 4; lastKnownFileType = sourcecode.swift; path = String.swift; sourceTree = "<group>"; };
		EDCC09F61EA5D4B40098E7E2 /* NSDate.swift */ = {isa = PBXFileReference; fileEncoding = 4; lastKnownFileType = sourcecode.swift; path = NSDate.swift; sourceTree = "<group>"; };
		EDCC09F81EA5D6820098E7E2 /* EmbedChildViewController.swift */ = {isa = PBXFileReference; fileEncoding = 4; lastKnownFileType = sourcecode.swift; path = EmbedChildViewController.swift; sourceTree = "<group>"; };
		EDFC9B241EB161BC00647424 /* TDSwiftGraph.swift */ = {isa = PBXFileReference; fileEncoding = 4; lastKnownFileType = sourcecode.swift; path = TDSwiftGraph.swift; sourceTree = "<group>"; };
/* End PBXFileReference section */

/* Begin PBXFrameworksBuildPhase section */
		EDCC09B01EA5B8980098E7E2 /* Frameworks */ = {
			isa = PBXFrameworksBuildPhase;
			buildActionMask = 2147483647;
			files = (
				EDCC09ED1EA5CC120098E7E2 /* CoreImage.framework in Frameworks */,
				EDCC09EB1EA5CC010098E7E2 /* QuartzCore.framework in Frameworks */,
				984AD5A16C5332AF69875C46 /* Pods_TDSwiftGraph.framework in Frameworks */,
			);
			runOnlyForDeploymentPostprocessing = 0;
		};
		EDCC09C41EA5B8990098E7E2 /* Frameworks */ = {
			isa = PBXFrameworksBuildPhase;
			buildActionMask = 2147483647;
			files = (
				E45BE37D6ADBC89D811A5862 /* Pods_TDSwiftGraphTests.framework in Frameworks */,
			);
			runOnlyForDeploymentPostprocessing = 0;
		};
		EDCC09CF1EA5B8990098E7E2 /* Frameworks */ = {
			isa = PBXFrameworksBuildPhase;
			buildActionMask = 2147483647;
			files = (
			);
			runOnlyForDeploymentPostprocessing = 0;
		};
/* End PBXFrameworksBuildPhase section */

/* Begin PBXGroup section */
		E80D3C48FE1A88D2799D2321 /* Pods */ = {
			isa = PBXGroup;
			children = (
				53548C3AA8E180BD85699108 /* Pods-TDSwiftGraph.debug.xcconfig */,
				99E35F4F4AF9C4F436B84D09 /* Pods-TDSwiftGraph.release.xcconfig */,
				C2436524B776E1427599E0C8 /* Pods-TDSwiftGraphTests.debug.xcconfig */,
				2C6743B5DA433EBF903BF296 /* Pods-TDSwiftGraphTests.release.xcconfig */,
			);
			name = Pods;
			sourceTree = "<group>";
		};
		EDCC09AA1EA5B8980098E7E2 = {
			isa = PBXGroup;
			children = (
				EDCC09B51EA5B8980098E7E2 /* TDSwiftGraph */,
				EDCC09CA1EA5B8990098E7E2 /* TDSwiftGraphTests */,
				EDCC09D51EA5B8990098E7E2 /* TDSwiftGraphUITests */,
				EDCC09B41EA5B8980098E7E2 /* Products */,
				EDCC09E71EA5CBA00098E7E2 /* Frameworks */,
				E80D3C48FE1A88D2799D2321 /* Pods */,
			);
			sourceTree = "<group>";
		};
		EDCC09B41EA5B8980098E7E2 /* Products */ = {
			isa = PBXGroup;
			children = (
				EDCC09B31EA5B8980098E7E2 /* TDSwiftGraph.app */,
				EDCC09C71EA5B8990098E7E2 /* TDSwiftGraphTests.xctest */,
				EDCC09D21EA5B8990098E7E2 /* TDSwiftGraphUITests.xctest */,
			);
			name = Products;
			sourceTree = "<group>";
		};
		EDCC09B51EA5B8980098E7E2 /* TDSwiftGraph */ = {
			isa = PBXGroup;
			children = (
				EDCC09F51EA5D1E30098E7E2 /* Extensions */,
				EDCC09EE1EA5CDBD0098E7E2 /* Custom */,
				EDCC09E41EA5CB2C0098E7E2 /* GraphControllers */,
				EDCC09B61EA5B8980098E7E2 /* AppDelegate.swift */,
				EDCC09B81EA5B8980098E7E2 /* ViewController.swift */,
				EDCC09BA1EA5B8980098E7E2 /* Main.storyboard */,
				EDCC09BD1EA5B8980098E7E2 /* Assets.xcassets */,
				EDCC09BF1EA5B8980098E7E2 /* LaunchScreen.storyboard */,
				EDCC09C21EA5B8980098E7E2 /* Info.plist */,
			);
			path = TDSwiftGraph;
			sourceTree = "<group>";
		};
		EDCC09CA1EA5B8990098E7E2 /* TDSwiftGraphTests */ = {
			isa = PBXGroup;
			children = (
				EDCC09CB1EA5B8990098E7E2 /* TDSwiftGraphTests.swift */,
				EDCC09CD1EA5B8990098E7E2 /* Info.plist */,
			);
			path = TDSwiftGraphTests;
			sourceTree = "<group>";
		};
		EDCC09D51EA5B8990098E7E2 /* TDSwiftGraphUITests */ = {
			isa = PBXGroup;
			children = (
				EDCC09D61EA5B8990098E7E2 /* TDSwiftGraphUITests.swift */,
				EDCC09D81EA5B8990098E7E2 /* Info.plist */,
			);
			path = TDSwiftGraphUITests;
			sourceTree = "<group>";
		};
		EDCC09E41EA5CB2C0098E7E2 /* GraphControllers */ = {
			isa = PBXGroup;
			children = (
				EDCC09E51EA5CB640098E7E2 /* TDBaseGraphController.swift */,
				EDCC09F11EA5D06C0098E7E2 /* TDGraphNewController.swift */,
				EDFC9B241EB161BC00647424 /* TDSwiftGraph.swift */,
			);
			name = GraphControllers;
			sourceTree = "<group>";
		};
		EDCC09E71EA5CBA00098E7E2 /* Frameworks */ = {
			isa = PBXGroup;
			children = (
				EDCC09EC1EA5CC120098E7E2 /* CoreImage.framework */,
				EDCC09EA1EA5CC010098E7E2 /* QuartzCore.framework */,
				EDCC09E81EA5CBA00098E7E2 /* CoreGraphics.framework */,
				06137B85B1C51716620D0AFB /* Pods_TDSwiftGraph.framework */,
				C90548109F85E652B6E33488 /* Pods_TDSwiftGraphTests.framework */,
				A631DB0B3D30768F37E8FDB0 /* Pods_TDSwiftGraphUITests.framework */,
			);
			name = Frameworks;
			sourceTree = "<group>";
		};
		EDCC09EE1EA5CDBD0098E7E2 /* Custom */ = {
			isa = PBXGroup;
			children = (
				EDCC09EF1EA5CDCE0098E7E2 /* CustomTimeInterval.swift */,
				EDCC09F81EA5D6820098E7E2 /* EmbedChildViewController.swift */,
			);
			name = Custom;
			sourceTree = "<group>";
		};
		EDCC09F51EA5D1E30098E7E2 /* Extensions */ = {
			isa = PBXGroup;
			children = (
				EDCC09F31EA5D1150098E7E2 /* String.swift */,
				EDCC09F61EA5D4B40098E7E2 /* NSDate.swift */,
			);
			name = Extensions;
			sourceTree = "<group>";
		};
/* End PBXGroup section */

/* Begin PBXNativeTarget section */
		EDCC09B21EA5B8980098E7E2 /* TDSwiftGraph */ = {
			isa = PBXNativeTarget;
			buildConfigurationList = EDCC09DB1EA5B8990098E7E2 /* Build configuration list for PBXNativeTarget "TDSwiftGraph" */;
			buildPhases = (
				F11C2E3E9EE49C20C694A4D2 /* [CP] Check Pods Manifest.lock */,
				EDCC09AF1EA5B8980098E7E2 /* Sources */,
				EDCC09B01EA5B8980098E7E2 /* Frameworks */,
				EDCC09B11EA5B8980098E7E2 /* Resources */,
				5E6EA15A9E05D2682FF77E91 /* [CP] Embed Pods Frameworks */,
				5B1D3C5CA9DFBA50FF16607B /* [CP] Copy Pods Resources */,
			);
			buildRules = (
			);
			dependencies = (
			);
			name = TDSwiftGraph;
			productName = TDSwiftGraph;
			productReference = EDCC09B31EA5B8980098E7E2 /* TDSwiftGraph.app */;
			productType = "com.apple.product-type.application";
		};
		EDCC09C61EA5B8990098E7E2 /* TDSwiftGraphTests */ = {
			isa = PBXNativeTarget;
			buildConfigurationList = EDCC09DE1EA5B8990098E7E2 /* Build configuration list for PBXNativeTarget "TDSwiftGraphTests" */;
			buildPhases = (
				1CFF264A92A0EF2E3AD49EA9 /* [CP] Check Pods Manifest.lock */,
				EDCC09C31EA5B8990098E7E2 /* Sources */,
				EDCC09C41EA5B8990098E7E2 /* Frameworks */,
				EDCC09C51EA5B8990098E7E2 /* Resources */,
				0483ECB14A2D7EE5044FFCF1 /* [CP] Embed Pods Frameworks */,
				8123EA07E3815FE484997B02 /* [CP] Copy Pods Resources */,
			);
			buildRules = (
			);
			dependencies = (
				EDCC09C91EA5B8990098E7E2 /* PBXTargetDependency */,
			);
			name = TDSwiftGraphTests;
			productName = TDSwiftGraphTests;
			productReference = EDCC09C71EA5B8990098E7E2 /* TDSwiftGraphTests.xctest */;
			productType = "com.apple.product-type.bundle.unit-test";
		};
		EDCC09D11EA5B8990098E7E2 /* TDSwiftGraphUITests */ = {
			isa = PBXNativeTarget;
			buildConfigurationList = EDCC09E11EA5B8990098E7E2 /* Build configuration list for PBXNativeTarget "TDSwiftGraphUITests" */;
			buildPhases = (
				EDCC09CE1EA5B8990098E7E2 /* Sources */,
				EDCC09CF1EA5B8990098E7E2 /* Frameworks */,
				EDCC09D01EA5B8990098E7E2 /* Resources */,
			);
			buildRules = (
			);
			dependencies = (
				EDCC09D41EA5B8990098E7E2 /* PBXTargetDependency */,
			);
			name = TDSwiftGraphUITests;
			productName = TDSwiftGraphUITests;
			productReference = EDCC09D21EA5B8990098E7E2 /* TDSwiftGraphUITests.xctest */;
			productType = "com.apple.product-type.bundle.ui-testing";
		};
/* End PBXNativeTarget section */

/* Begin PBXProject section */
		EDCC09AB1EA5B8980098E7E2 /* Project object */ = {
			isa = PBXProject;
			attributes = {
				LastSwiftUpdateCheck = 0830;
				LastUpgradeCheck = 0830;
				ORGANIZATIONNAME = "Ty Daniels";
				TargetAttributes = {
					EDCC09B21EA5B8980098E7E2 = {
						CreatedOnToolsVersion = 8.3.1;
						ProvisioningStyle = Automatic;
					};
					EDCC09C61EA5B8990098E7E2 = {
						CreatedOnToolsVersion = 8.3.1;
						ProvisioningStyle = Automatic;
						TestTargetID = EDCC09B21EA5B8980098E7E2;
					};
					EDCC09D11EA5B8990098E7E2 = {
						CreatedOnToolsVersion = 8.3.1;
						ProvisioningStyle = Automatic;
						TestTargetID = EDCC09B21EA5B8980098E7E2;
					};
				};
			};
			buildConfigurationList = EDCC09AE1EA5B8980098E7E2 /* Build configuration list for PBXProject "TDSwiftGraph" */;
			compatibilityVersion = "Xcode 3.2";
			developmentRegion = English;
			hasScannedForEncodings = 0;
			knownRegions = (
				en,
				Base,
			);
			mainGroup = EDCC09AA1EA5B8980098E7E2;
			productRefGroup = EDCC09B41EA5B8980098E7E2 /* Products */;
			projectDirPath = "";
			projectRoot = "";
			targets = (
				EDCC09B21EA5B8980098E7E2 /* TDSwiftGraph */,
				EDCC09C61EA5B8990098E7E2 /* TDSwiftGraphTests */,
				EDCC09D11EA5B8990098E7E2 /* TDSwiftGraphUITests */,
			);
		};
/* End PBXProject section */

/* Begin PBXResourcesBuildPhase section */
		EDCC09B11EA5B8980098E7E2 /* Resources */ = {
			isa = PBXResourcesBuildPhase;
			buildActionMask = 2147483647;
			files = (
				EDCC09C11EA5B8980098E7E2 /* LaunchScreen.storyboard in Resources */,
				EDCC09BE1EA5B8980098E7E2 /* Assets.xcassets in Resources */,
				EDCC09BC1EA5B8980098E7E2 /* Main.storyboard in Resources */,
			);
			runOnlyForDeploymentPostprocessing = 0;
		};
		EDCC09C51EA5B8990098E7E2 /* Resources */ = {
			isa = PBXResourcesBuildPhase;
			buildActionMask = 2147483647;
			files = (
			);
			runOnlyForDeploymentPostprocessing = 0;
		};
		EDCC09D01EA5B8990098E7E2 /* Resources */ = {
			isa = PBXResourcesBuildPhase;
			buildActionMask = 2147483647;
			files = (
			);
			runOnlyForDeploymentPostprocessing = 0;
		};
/* End PBXResourcesBuildPhase section */

/* Begin PBXShellScriptBuildPhase section */
		0483ECB14A2D7EE5044FFCF1 /* [CP] Embed Pods Frameworks */ = {
			isa = PBXShellScriptBuildPhase;
			buildActionMask = 2147483647;
			files = (
			);
			inputPaths = (
			);
			name = "[CP] Embed Pods Frameworks";
			outputPaths = (
			);
			runOnlyForDeploymentPostprocessing = 0;
			shellPath = /bin/sh;
			shellScript = "\"${SRCROOT}/Pods/Target Support Files/Pods-TDSwiftGraphTests/Pods-TDSwiftGraphTests-frameworks.sh\"\n";
			showEnvVarsInLog = 0;
		};
		1CFF264A92A0EF2E3AD49EA9 /* [CP] Check Pods Manifest.lock */ = {
			isa = PBXShellScriptBuildPhase;
			buildActionMask = 2147483647;
			files = (
			);
			inputPaths = (
			);
			name = "[CP] Check Pods Manifest.lock";
			outputPaths = (
			);
			runOnlyForDeploymentPostprocessing = 0;
			shellPath = /bin/sh;
			shellScript = "diff \"${PODS_PODFILE_DIR_PATH}/Podfile.lock\" \"${PODS_ROOT}/Manifest.lock\" > /dev/null\nif [ $? != 0 ] ; then\n    # print error to STDERR\n    echo \"error: The sandbox is not in sync with the Podfile.lock. Run 'pod install' or update your CocoaPods installation.\" >&2\n    exit 1\nfi\n";
			showEnvVarsInLog = 0;
		};
		5B1D3C5CA9DFBA50FF16607B /* [CP] Copy Pods Resources */ = {
			isa = PBXShellScriptBuildPhase;
			buildActionMask = 2147483647;
			files = (
			);
			inputPaths = (
			);
			name = "[CP] Copy Pods Resources";
			outputPaths = (
			);
			runOnlyForDeploymentPostprocessing = 0;
			shellPath = /bin/sh;
			shellScript = "\"${SRCROOT}/Pods/Target Support Files/Pods-TDSwiftGraph/Pods-TDSwiftGraph-resources.sh\"\n";
			showEnvVarsInLog = 0;
		};
		5E6EA15A9E05D2682FF77E91 /* [CP] Embed Pods Frameworks */ = {
			isa = PBXShellScriptBuildPhase;
			buildActionMask = 2147483647;
			files = (
			);
			inputPaths = (
			);
			name = "[CP] Embed Pods Frameworks";
			outputPaths = (
			);
			runOnlyForDeploymentPostprocessing = 0;
			shellPath = /bin/sh;
			shellScript = "\"${SRCROOT}/Pods/Target Support Files/Pods-TDSwiftGraph/Pods-TDSwiftGraph-frameworks.sh\"\n";
			showEnvVarsInLog = 0;
		};
		8123EA07E3815FE484997B02 /* [CP] Copy Pods Resources */ = {
			isa = PBXShellScriptBuildPhase;
			buildActionMask = 2147483647;
			files = (
			);
			inputPaths = (
			);
			name = "[CP] Copy Pods Resources";
			outputPaths = (
			);
			runOnlyForDeploymentPostprocessing = 0;
			shellPath = /bin/sh;
			shellScript = "\"${SRCROOT}/Pods/Target Support Files/Pods-TDSwiftGraphTests/Pods-TDSwiftGraphTests-resources.sh\"\n";
			showEnvVarsInLog = 0;
		};
		F11C2E3E9EE49C20C694A4D2 /* [CP] Check Pods Manifest.lock */ = {
			isa = PBXShellScriptBuildPhase;
			buildActionMask = 2147483647;
			files = (
			);
			inputPaths = (
			);
			name = "[CP] Check Pods Manifest.lock";
			outputPaths = (
			);
			runOnlyForDeploymentPostprocessing = 0;
			shellPath = /bin/sh;
			shellScript = "diff \"${PODS_PODFILE_DIR_PATH}/Podfile.lock\" \"${PODS_ROOT}/Manifest.lock\" > /dev/null\nif [ $? != 0 ] ; then\n    # print error to STDERR\n    echo \"error: The sandbox is not in sync with the Podfile.lock. Run 'pod install' or update your CocoaPods installation.\" >&2\n    exit 1\nfi\n";
			showEnvVarsInLog = 0;
		};
/* End PBXShellScriptBuildPhase section */

/* Begin PBXSourcesBuildPhase section */
		EDCC09AF1EA5B8980098E7E2 /* Sources */ = {
			isa = PBXSourcesBuildPhase;
			buildActionMask = 2147483647;
			files = (
				EDCC09F41EA5D1150098E7E2 /* String.swift in Sources */,
				EDCC09F91EA5D6820098E7E2 /* EmbedChildViewController.swift in Sources */,
				EDCC09B91EA5B8980098E7E2 /* ViewController.swift in Sources */,
				EDCC09E61EA5CB640098E7E2 /* TDBaseGraphController.swift in Sources */,
				EDCC09F01EA5CDCE0098E7E2 /* CustomTimeInterval.swift in Sources */,
				EDCC09F71EA5D4B40098E7E2 /* NSDate.swift in Sources */,
				EDFC9B251EB161BC00647424 /* TDSwiftGraph.swift in Sources */,
				EDCC09B71EA5B8980098E7E2 /* AppDelegate.swift in Sources */,
				EDCC09F21EA5D06C0098E7E2 /* TDGraphNewController.swift in Sources */,
			);
			runOnlyForDeploymentPostprocessing = 0;
		};
		EDCC09C31EA5B8990098E7E2 /* Sources */ = {
			isa = PBXSourcesBuildPhase;
			buildActionMask = 2147483647;
			files = (
				EDCC09CC1EA5B8990098E7E2 /* TDSwiftGraphTests.swift in Sources */,
			);
			runOnlyForDeploymentPostprocessing = 0;
		};
		EDCC09CE1EA5B8990098E7E2 /* Sources */ = {
			isa = PBXSourcesBuildPhase;
			buildActionMask = 2147483647;
			files = (
				EDCC09D71EA5B8990098E7E2 /* TDSwiftGraphUITests.swift in Sources */,
			);
			runOnlyForDeploymentPostprocessing = 0;
		};
/* End PBXSourcesBuildPhase section */

/* Begin PBXTargetDependency section */
		EDCC09C91EA5B8990098E7E2 /* PBXTargetDependency */ = {
			isa = PBXTargetDependency;
			target = EDCC09B21EA5B8980098E7E2 /* TDSwiftGraph */;
			targetProxy = EDCC09C81EA5B8990098E7E2 /* PBXContainerItemProxy */;
		};
		EDCC09D41EA5B8990098E7E2 /* PBXTargetDependency */ = {
			isa = PBXTargetDependency;
			target = EDCC09B21EA5B8980098E7E2 /* TDSwiftGraph */;
			targetProxy = EDCC09D31EA5B8990098E7E2 /* PBXContainerItemProxy */;
		};
/* End PBXTargetDependency section */

/* Begin PBXVariantGroup section */
		EDCC09BA1EA5B8980098E7E2 /* Main.storyboard */ = {
			isa = PBXVariantGroup;
			children = (
				EDCC09BB1EA5B8980098E7E2 /* Base */,
			);
			name = Main.storyboard;
			sourceTree = "<group>";
		};
		EDCC09BF1EA5B8980098E7E2 /* LaunchScreen.storyboard */ = {
			isa = PBXVariantGroup;
			children = (
				EDCC09C01EA5B8980098E7E2 /* Base */,
			);
			name = LaunchScreen.storyboard;
			sourceTree = "<group>";
		};
/* End PBXVariantGroup section */

/* Begin XCBuildConfiguration section */
		EDCC09D91EA5B8990098E7E2 /* Debug */ = {
			isa = XCBuildConfiguration;
			buildSettings = {
				ALWAYS_SEARCH_USER_PATHS = NO;
				CLANG_ANALYZER_NONNULL = YES;
				CLANG_ANALYZER_NUMBER_OBJECT_CONVERSION = YES_AGGRESSIVE;
				CLANG_CXX_LANGUAGE_STANDARD = "gnu++0x";
				CLANG_CXX_LIBRARY = "libc++";
				CLANG_ENABLE_MODULES = YES;
				CLANG_ENABLE_OBJC_ARC = YES;
				CLANG_WARN_BOOL_CONVERSION = YES;
				CLANG_WARN_CONSTANT_CONVERSION = YES;
				CLANG_WARN_DIRECT_OBJC_ISA_USAGE = YES_ERROR;
				CLANG_WARN_DOCUMENTATION_COMMENTS = YES;
				CLANG_WARN_EMPTY_BODY = YES;
				CLANG_WARN_ENUM_CONVERSION = YES;
				CLANG_WARN_INFINITE_RECURSION = YES;
				CLANG_WARN_INT_CONVERSION = YES;
				CLANG_WARN_OBJC_ROOT_CLASS = YES_ERROR;
				CLANG_WARN_SUSPICIOUS_MOVE = YES;
				CLANG_WARN_UNREACHABLE_CODE = YES;
				CLANG_WARN__DUPLICATE_METHOD_MATCH = YES;
				"CODE_SIGN_IDENTITY[sdk=iphoneos*]" = "iPhone Developer";
				COPY_PHASE_STRIP = NO;
				DEBUG_INFORMATION_FORMAT = dwarf;
				ENABLE_STRICT_OBJC_MSGSEND = YES;
				ENABLE_TESTABILITY = YES;
				GCC_C_LANGUAGE_STANDARD = gnu99;
				GCC_DYNAMIC_NO_PIC = NO;
				GCC_NO_COMMON_BLOCKS = YES;
				GCC_OPTIMIZATION_LEVEL = 0;
				GCC_PREPROCESSOR_DEFINITIONS = (
					"DEBUG=1",
					"$(inherited)",
				);
				GCC_WARN_64_TO_32_BIT_CONVERSION = YES;
				GCC_WARN_ABOUT_RETURN_TYPE = YES_ERROR;
				GCC_WARN_UNDECLARED_SELECTOR = YES;
				GCC_WARN_UNINITIALIZED_AUTOS = YES_AGGRESSIVE;
				GCC_WARN_UNUSED_FUNCTION = YES;
				GCC_WARN_UNUSED_VARIABLE = YES;
				IPHONEOS_DEPLOYMENT_TARGET = 10.3;
				MTL_ENABLE_DEBUG_INFO = YES;
				ONLY_ACTIVE_ARCH = YES;
				SDKROOT = iphoneos;
				SWIFT_ACTIVE_COMPILATION_CONDITIONS = DEBUG;
				SWIFT_OPTIMIZATION_LEVEL = "-Onone";
				TARGETED_DEVICE_FAMILY = "1,2";
			};
			name = Debug;
		};
		EDCC09DA1EA5B8990098E7E2 /* Release */ = {
			isa = XCBuildConfiguration;
			buildSettings = {
				ALWAYS_SEARCH_USER_PATHS = NO;
				CLANG_ANALYZER_NONNULL = YES;
				CLANG_ANALYZER_NUMBER_OBJECT_CONVERSION = YES_AGGRESSIVE;
				CLANG_CXX_LANGUAGE_STANDARD = "gnu++0x";
				CLANG_CXX_LIBRARY = "libc++";
				CLANG_ENABLE_MODULES = YES;
				CLANG_ENABLE_OBJC_ARC = YES;
				CLANG_WARN_BOOL_CONVERSION = YES;
				CLANG_WARN_CONSTANT_CONVERSION = YES;
				CLANG_WARN_DIRECT_OBJC_ISA_USAGE = YES_ERROR;
				CLANG_WARN_DOCUMENTATION_COMMENTS = YES;
				CLANG_WARN_EMPTY_BODY = YES;
				CLANG_WARN_ENUM_CONVERSION = YES;
				CLANG_WARN_INFINITE_RECURSION = YES;
				CLANG_WARN_INT_CONVERSION = YES;
				CLANG_WARN_OBJC_ROOT_CLASS = YES_ERROR;
				CLANG_WARN_SUSPICIOUS_MOVE = YES;
				CLANG_WARN_UNREACHABLE_CODE = YES;
				CLANG_WARN__DUPLICATE_METHOD_MATCH = YES;
				"CODE_SIGN_IDENTITY[sdk=iphoneos*]" = "iPhone Developer";
				COPY_PHASE_STRIP = NO;
				DEBUG_INFORMATION_FORMAT = "dwarf-with-dsym";
				ENABLE_NS_ASSERTIONS = NO;
				ENABLE_STRICT_OBJC_MSGSEND = YES;
				GCC_C_LANGUAGE_STANDARD = gnu99;
				GCC_NO_COMMON_BLOCKS = YES;
				GCC_WARN_64_TO_32_BIT_CONVERSION = YES;
				GCC_WARN_ABOUT_RETURN_TYPE = YES_ERROR;
				GCC_WARN_UNDECLARED_SELECTOR = YES;
				GCC_WARN_UNINITIALIZED_AUTOS = YES_AGGRESSIVE;
				GCC_WARN_UNUSED_FUNCTION = YES;
				GCC_WARN_UNUSED_VARIABLE = YES;
				IPHONEOS_DEPLOYMENT_TARGET = 10.3;
				MTL_ENABLE_DEBUG_INFO = NO;
				SDKROOT = iphoneos;
				SWIFT_OPTIMIZATION_LEVEL = "-Owholemodule";
				TARGETED_DEVICE_FAMILY = "1,2";
				VALIDATE_PRODUCT = YES;
			};
			name = Release;
		};
		EDCC09DC1EA5B8990098E7E2 /* Debug */ = {
			isa = XCBuildConfiguration;
			baseConfigurationReference = 53548C3AA8E180BD85699108 /* Pods-TDSwiftGraph.debug.xcconfig */;
			buildSettings = {
				ASSETCATALOG_COMPILER_APPICON_NAME = AppIcon;
				INFOPLIST_FILE = TDSwiftGraph/Info.plist;
				LD_RUNPATH_SEARCH_PATHS = "$(inherited) @executable_path/Frameworks";
				PRODUCT_BUNDLE_IDENTIFIER = com.graph.TDSwiftGraph;
				PRODUCT_NAME = "$(TARGET_NAME)";
				SWIFT_VERSION = 3.0;
			};
			name = Debug;
		};
		EDCC09DD1EA5B8990098E7E2 /* Release */ = {
			isa = XCBuildConfiguration;
			baseConfigurationReference = 99E35F4F4AF9C4F436B84D09 /* Pods-TDSwiftGraph.release.xcconfig */;
			buildSettings = {
				ASSETCATALOG_COMPILER_APPICON_NAME = AppIcon;
				INFOPLIST_FILE = TDSwiftGraph/Info.plist;
				LD_RUNPATH_SEARCH_PATHS = "$(inherited) @executable_path/Frameworks";
				PRODUCT_BUNDLE_IDENTIFIER = com.graph.TDSwiftGraph;
				PRODUCT_NAME = "$(TARGET_NAME)";
				SWIFT_VERSION = 3.0;
			};
			name = Release;
		};
		EDCC09DF1EA5B8990098E7E2 /* Debug */ = {
			isa = XCBuildConfiguration;
			baseConfigurationReference = C2436524B776E1427599E0C8 /* Pods-TDSwiftGraphTests.debug.xcconfig */;
			buildSettings = {
				ALWAYS_EMBED_SWIFT_STANDARD_LIBRARIES = YES;
				BUNDLE_LOADER = "$(TEST_HOST)";
				INFOPLIST_FILE = TDSwiftGraphTests/Info.plist;
				LD_RUNPATH_SEARCH_PATHS = "$(inherited) @executable_path/Frameworks @loader_path/Frameworks";
				PRODUCT_BUNDLE_IDENTIFIER = com.graph.TDSwiftGraphTests;
				PRODUCT_NAME = "$(TARGET_NAME)";
				SWIFT_VERSION = 3.0;
				TEST_HOST = "$(BUILT_PRODUCTS_DIR)/TDSwiftGraph.app/TDSwiftGraph";
			};
			name = Debug;
		};
		EDCC09E01EA5B8990098E7E2 /* Release */ = {
			isa = XCBuildConfiguration;
			baseConfigurationReference = 2C6743B5DA433EBF903BF296 /* Pods-TDSwiftGraphTests.release.xcconfig */;
			buildSettings = {
				ALWAYS_EMBED_SWIFT_STANDARD_LIBRARIES = YES;
				BUNDLE_LOADER = "$(TEST_HOST)";
				INFOPLIST_FILE = TDSwiftGraphTests/Info.plist;
				LD_RUNPATH_SEARCH_PATHS = "$(inherited) @executable_path/Frameworks @loader_path/Frameworks";
				PRODUCT_BUNDLE_IDENTIFIER = com.graph.TDSwiftGraphTests;
				PRODUCT_NAME = "$(TARGET_NAME)";
				SWIFT_VERSION = 3.0;
				TEST_HOST = "$(BUILT_PRODUCTS_DIR)/TDSwiftGraph.app/TDSwiftGraph";
			};
			name = Release;
		};
		EDCC09E21EA5B8990098E7E2 /* Debug */ = {
			isa = XCBuildConfiguration;
			buildSettings = {
				ALWAYS_EMBED_SWIFT_STANDARD_LIBRARIES = YES;
				INFOPLIST_FILE = TDSwiftGraphUITests/Info.plist;
				LD_RUNPATH_SEARCH_PATHS = "$(inherited) @executable_path/Frameworks @loader_path/Frameworks";
				PRODUCT_BUNDLE_IDENTIFIER = com.graph.TDSwiftGraphUITests;
				PRODUCT_NAME = "$(TARGET_NAME)";
				SWIFT_VERSION = 3.0;
				TEST_TARGET_NAME = TDSwiftGraph;
			};
			name = Debug;
		};
		EDCC09E31EA5B8990098E7E2 /* Release */ = {
			isa = XCBuildConfiguration;
			buildSettings = {
				ALWAYS_EMBED_SWIFT_STANDARD_LIBRARIES = YES;
				INFOPLIST_FILE = TDSwiftGraphUITests/Info.plist;
				LD_RUNPATH_SEARCH_PATHS = "$(inherited) @executable_path/Frameworks @loader_path/Frameworks";
				PRODUCT_BUNDLE_IDENTIFIER = com.graph.TDSwiftGraphUITests;
				PRODUCT_NAME = "$(TARGET_NAME)";
				SWIFT_VERSION = 3.0;
				TEST_TARGET_NAME = TDSwiftGraph;
			};
			name = Release;
		};
/* End XCBuildConfiguration section */

/* Begin XCConfigurationList section */
		EDCC09AE1EA5B8980098E7E2 /* Build configuration list for PBXProject "TDSwiftGraph" */ = {
			isa = XCConfigurationList;
			buildConfigurations = (
				EDCC09D91EA5B8990098E7E2 /* Debug */,
				EDCC09DA1EA5B8990098E7E2 /* Release */,
			);
			defaultConfigurationIsVisible = 0;
			defaultConfigurationName = Release;
		};
		EDCC09DB1EA5B8990098E7E2 /* Build configuration list for PBXNativeTarget "TDSwiftGraph" */ = {
			isa = XCConfigurationList;
			buildConfigurations = (
				EDCC09DC1EA5B8990098E7E2 /* Debug */,
				EDCC09DD1EA5B8990098E7E2 /* Release */,
			);
			defaultConfigurationIsVisible = 0;
			defaultConfigurationName = Release;
		};
		EDCC09DE1EA5B8990098E7E2 /* Build configuration list for PBXNativeTarget "TDSwiftGraphTests" */ = {
			isa = XCConfigurationList;
			buildConfigurations = (
				EDCC09DF1EA5B8990098E7E2 /* Debug */,
				EDCC09E01EA5B8990098E7E2 /* Release */,
			);
			defaultConfigurationIsVisible = 0;
			defaultConfigurationName = Release;
		};
		EDCC09E11EA5B8990098E7E2 /* Build configuration list for PBXNativeTarget "TDSwiftGraphUITests" */ = {
			isa = XCConfigurationList;
			buildConfigurations = (
				EDCC09E21EA5B8990098E7E2 /* Debug */,
				EDCC09E31EA5B8990098E7E2 /* Release */,
			);
			defaultConfigurationIsVisible = 0;
			defaultConfigurationName = Release;
		};
/* End XCConfigurationList section */
	};
	rootObject = EDCC09AB1EA5B8980098E7E2 /* Project object */;
}
